
Microsoft Visual Studio Solution File, Format Version 12.00
# Visual Studio Version 16
VisualStudioVersion = 16.0.30002.166
MinimumVisualStudioVersion = 10.0.40219.1
Project("{FAE04EC0-301F-11D3-BF4B-00C04F79EFBC}") = "ASP.NET_MVC_NCapas", "ASP.NET_MVC_NCapas\ASP.NET_MVC_NCapas.csproj", "{35D3E841-DFB8-4D64-A1C4-E708C5F61890}"
EndProject
Project("{FAE04EC0-301F-11D3-BF4B-00C04F79EFBC}") = "Datos", "Datos\Datos.csproj", "{861D6608-1760-483A-96BB-5F4ECA0AE938}"
EndProject
Project("{FAE04EC0-301F-11D3-BF4B-00C04F79EFBC}") = "Entidades", "Entidades\Entidades.csproj", "{5264F55E-BF95-49E2-B070-7C43953FDE6E}"
EndProject
Project("{FAE04EC0-301F-11D3-BF4B-00C04F79EFBC}") = "Repositorio", "Repositorio\Repositorio.csproj", "{799364F5-04C8-461F-9D7A-7C9D50884A8A}"
EndProject
Project("{FAE04EC0-301F-11D3-BF4B-00C04F79EFBC}") = "Dominio", "Dominio\Dominio.csproj", "{510ED424-966F-46D1-B170-DF88811AC39D}"
EndProject
Global
	GlobalSection(SolutionConfigurationPlatforms) = preSolution
		Debug|Any CPU = Debug|Any CPU
		Release|Any CPU = Release|Any CPU
	EndGlobalSection
	GlobalSection(ProjectConfigurationPlatforms) = postSolution
		{35D3E841-DFB8-4D64-A1C4-E708C5F61890}.Debug|Any CPU.ActiveCfg = Debug|Any CPU
		{35D3E841-DFB8-4D64-A1C4-E708C5F61890}.Debug|Any CPU.Build.0 = Debug|Any CPU
		{35D3E841-DFB8-4D64-A1C4-E708C5F61890}.Release|Any CPU.ActiveCfg = Release|Any CPU
		{35D3E841-DFB8-4D64-A1C4-E708C5F61890}.Release|Any CPU.Build.0 = Release|Any CPU
		{861D6608-1760-483A-96BB-5F4ECA0AE938}.Debug|Any CPU.ActiveCfg = Debug|Any CPU
		{861D6608-1760-483A-96BB-5F4ECA0AE938}.Debug|Any CPU.Build.0 = Debug|Any CPU
		{861D6608-1760-483A-96BB-5F4ECA0AE938}.Release|Any CPU.ActiveCfg = Release|Any CPU
		{861D6608-1760-483A-96BB-5F4ECA0AE938}.Release|Any CPU.Build.0 = Release|Any CPU
		{5264F55E-BF95-49E2-B070-7C43953FDE6E}.Debug|Any CPU.ActiveCfg = Debug|Any CPU
		{5264F55E-BF95-49E2-B070-7C43953FDE6E}.Debug|Any CPU.Build.0 = Debug|Any CPU
		{5264F55E-BF95-49E2-B070-7C43953FDE6E}.Release|Any CPU.ActiveCfg = Release|Any CPU
		{5264F55E-BF95-49E2-B070-7C43953FDE6E}.Release|Any CPU.Build.0 = Release|Any CPU
		{799364F5-04C8-461F-9D7A-7C9D50884A8A}.Debug|Any CPU.ActiveCfg = Debug|Any CPU
		{799364F5-04C8-461F-9D7A-7C9D50884A8A}.Debug|Any CPU.Build.0 = Debug|Any CPU
		{799364F5-04C8-461F-9D7A-7C9D50884A8A}.Release|Any CPU.ActiveCfg = Release|Any CPU
		{799364F5-04C8-461F-9D7A-7C9D50884A8A}.Release|Any CPU.Build.0 = Release|Any CPU
		{510ED424-966F-46D1-B170-DF88811AC39D}.Debug|Any CPU.ActiveCfg = Debug|Any CPU
		{510ED424-966F-46D1-B170-DF88811AC39D}.Debug|Any CPU.Build.0 = Debug|Any CPU
		{510ED424-966F-46D1-B170-DF88811AC39D}.Release|Any CPU.ActiveCfg = Release|Any CPU
		{510ED424-966F-46D1-B170-DF88811AC39D}.Release|Any CPU.Build.0 = Release|Any CPU
	EndGlobalSection
	GlobalSection(SolutionProperties) = preSolution
		HideSolutionNode = FALSE
	EndGlobalSection
	GlobalSection(ExtensibilityGlobals) = postSolution
		SolutionGuid = {3FF57F32-C483-4344-B6A2-0267DD5E5068}
	EndGlobalSection
EndGlobal
